
Microsoft Visual Studio Solution File, Format Version 12.00
# Visual Studio Version 17
VisualStudioVersion = 17.5.002.0
MinimumVisualStudioVersion = 10.0.40219.1
Project("{9A19103F-16F7-4668-BE54-9A1E7A4F7556}") = "minimal-api", "Api\minimal-api.csproj", "{77AAFC9F-1732-49C4-AF1E-6B0B67220159}"
EndProject
Project("{FAE04EC0-301F-11D3-BF4B-00C04F79EFBC}") = "Test", "Test\Test.csproj", "{480F86A0-B4C7-491C-989B-C477B59DDAB5}"
EndProject
Global
	GlobalSection(SolutionConfigurationPlatforms) = preSolution
		Debug|Any CPU = Debug|Any CPU
		Release|Any CPU = Release|Any CPU
	EndGlobalSection
	GlobalSection(ProjectConfigurationPlatforms) = postSolution
		{77AAFC9F-1732-49C4-AF1E-6B0B67220159}.Debug|Any CPU.ActiveCfg = Debug|Any CPU
		{77AAFC9F-1732-49C4-AF1E-6B0B67220159}.Debug|Any CPU.Build.0 = Debug|Any CPU
		{77AAFC9F-1732-49C4-AF1E-6B0B67220159}.Release|Any CPU.ActiveCfg = Release|Any CPU
		{77AAFC9F-1732-49C4-AF1E-6B0B67220159}.Release|Any CPU.Build.0 = Release|Any CPU
		{480F86A0-B4C7-491C-989B-C477B59DDAB5}.Debug|Any CPU.ActiveCfg = Debug|Any CPU
		{480F86A0-B4C7-491C-989B-C477B59DDAB5}.Debug|Any CPU.Build.0 = Debug|Any CPU
		{480F86A0-B4C7-491C-989B-C477B59DDAB5}.Release|Any CPU.ActiveCfg = Release|Any CPU
		{480F86A0-B4C7-491C-989B-C477B59DDAB5}.Release|Any CPU.Build.0 = Release|Any CPU
	EndGlobalSection
	GlobalSection(SolutionProperties) = preSolution
		HideSolutionNode = FALSE
	EndGlobalSection
	GlobalSection(ExtensibilityGlobals) = postSolution
		SolutionGuid = {81143990-F85B-4248-B9C6-B4A83A9E2075}
	EndGlobalSection
EndGlobal
