
Microsoft Visual Studio Solution File, Format Version 12.00
# Visual Studio Version 17
VisualStudioVersion = 17.5.002.0
MinimumVisualStudioVersion = 10.0.40219.1
Project("{9A19103F-16F7-4668-BE54-9A1E7A4F7556}") = "minimal-api", "minimal-api.csproj", "{8FDDC324-6C6A-4679-9CA1-55ACA7806177}"
EndProject
Global
	GlobalSection(SolutionConfigurationPlatforms) = preSolution
		Debug|Any CPU = Debug|Any CPU
		Release|Any CPU = Release|Any CPU
	EndGlobalSection
	GlobalSection(ProjectConfigurationPlatforms) = postSolution
		{8FDDC324-6C6A-4679-9CA1-55ACA7806177}.Debug|Any CPU.ActiveCfg = Debug|Any CPU
		{8FDDC324-6C6A-4679-9CA1-55ACA7806177}.Debug|Any CPU.Build.0 = Debug|Any CPU
		{8FDDC324-6C6A-4679-9CA1-55ACA7806177}.Release|Any CPU.ActiveCfg = Release|Any CPU
		{8FDDC324-6C6A-4679-9CA1-55ACA7806177}.Release|Any CPU.Build.0 = Release|Any CPU
	EndGlobalSection
	GlobalSection(SolutionProperties) = preSolution
		HideSolutionNode = FALSE
	EndGlobalSection
	GlobalSection(ExtensibilityGlobals) = postSolution
		SolutionGuid = {68950D48-6912-42C1-AD74-D0F707D93F0D}
	EndGlobalSection
EndGlobal
